
Microsoft Visual Studio Solution File, Format Version 12.00
# Visual Studio 15
VisualStudioVersion = 15.0.27428.2015
MinimumVisualStudioVersion = 10.0.40219.1
Project("{FAE04EC0-301F-11D3-BF4B-00C04F79EFBC}") = "xamnot.Android", "xamnot\xamnot.Android\xamnot.Android.csproj", "{922FC712-DC49-487F-B591-7C5DC35FBE2F}"
EndProject
Project("{FAE04EC0-301F-11D3-BF4B-00C04F79EFBC}") = "xamnot.iOS", "xamnot\xamnot.iOS\xamnot.iOS.csproj", "{6EDE91E4-D56B-428D-89EB-31ECD5E068D3}"
EndProject
Project("{FAE04EC0-301F-11D3-BF4B-00C04F79EFBC}") = "xamnot.UWP", "xamnot\xamnot.UWP\xamnot.UWP.csproj", "{4746A889-1E75-4839-A0D5-B3CC8EBBFB31}"
EndProject
Project("{D954291E-2A0B-460D-934E-DC6B0785DB48}") = "xamnot", "xamnot\xamnot\xamnot.shproj", "{CF37BC25-765C-4B76-B94C-3683799EBBA1}"
EndProject
Global
	GlobalSection(SharedMSBuildProjectFiles) = preSolution
		xamnot\xamnot\xamnot.projitems*{4746a889-1e75-4839-a0d5-b3cc8ebbfb31}*SharedItemsImports = 4
		xamnot\xamnot\xamnot.projitems*{6ede91e4-d56b-428d-89eb-31ecd5e068d3}*SharedItemsImports = 4
		xamnot\xamnot\xamnot.projitems*{922fc712-dc49-487f-b591-7c5dc35fbe2f}*SharedItemsImports = 4
		xamnot\xamnot\xamnot.projitems*{cf37bc25-765c-4b76-b94c-3683799ebba1}*SharedItemsImports = 13
	EndGlobalSection
	GlobalSection(SolutionConfigurationPlatforms) = preSolution
		Ad-Hoc|Any CPU = Ad-Hoc|Any CPU
		Ad-Hoc|ARM = Ad-Hoc|ARM
		Ad-Hoc|iPhone = Ad-Hoc|iPhone
		Ad-Hoc|iPhoneSimulator = Ad-Hoc|iPhoneSimulator
		Ad-Hoc|x64 = Ad-Hoc|x64
		Ad-Hoc|x86 = Ad-Hoc|x86
		AppStore|Any CPU = AppStore|Any CPU
		AppStore|ARM = AppStore|ARM
		AppStore|iPhone = AppStore|iPhone
		AppStore|iPhoneSimulator = AppStore|iPhoneSimulator
		AppStore|x64 = AppStore|x64
		AppStore|x86 = AppStore|x86
		Debug|Any CPU = Debug|Any CPU
		Debug|ARM = Debug|ARM
		Debug|iPhone = Debug|iPhone
		Debug|iPhoneSimulator = Debug|iPhoneSimulator
		Debug|x64 = Debug|x64
		Debug|x86 = Debug|x86
		Release|Any CPU = Release|Any CPU
		Release|ARM = Release|ARM
		Release|iPhone = Release|iPhone
		Release|iPhoneSimulator = Release|iPhoneSimulator
		Release|x64 = Release|x64
		Release|x86 = Release|x86
	EndGlobalSection
	GlobalSection(ProjectConfigurationPlatforms) = postSolution
		{922FC712-DC49-487F-B591-7C5DC35FBE2F}.Ad-Hoc|Any CPU.ActiveCfg = Release|Any CPU
		{922FC712-DC49-487F-B591-7C5DC35FBE2F}.Ad-Hoc|Any CPU.Build.0 = Release|Any CPU
		{922FC712-DC49-487F-B591-7C5DC35FBE2F}.Ad-Hoc|Any CPU.Deploy.0 = Release|Any CPU
		{922FC712-DC49-487F-B591-7C5DC35FBE2F}.Ad-Hoc|ARM.ActiveCfg = Release|Any CPU
		{922FC712-DC49-487F-B591-7C5DC35FBE2F}.Ad-Hoc|ARM.Build.0 = Release|Any CPU
		{922FC712-DC49-487F-B591-7C5DC35FBE2F}.Ad-Hoc|ARM.Deploy.0 = Release|Any CPU
		{922FC712-DC49-487F-B591-7C5DC35FBE2F}.Ad-Hoc|iPhone.ActiveCfg = Release|Any CPU
		{922FC712-DC49-487F-B591-7C5DC35FBE2F}.Ad-Hoc|iPhone.Build.0 = Release|Any CPU
		{922FC712-DC49-487F-B591-7C5DC35FBE2F}.Ad-Hoc|iPhone.Deploy.0 = Release|Any CPU
		{922FC712-DC49-487F-B591-7C5DC35FBE2F}.Ad-Hoc|iPhoneSimulator.ActiveCfg = Release|Any CPU
		{922FC712-DC49-487F-B591-7C5DC35FBE2F}.Ad-Hoc|iPhoneSimulator.Build.0 = Release|Any CPU
		{922FC712-DC49-487F-B591-7C5DC35FBE2F}.Ad-Hoc|iPhoneSimulator.Deploy.0 = Release|Any CPU
		{922FC712-DC49-487F-B591-7C5DC35FBE2F}.Ad-Hoc|x64.ActiveCfg = Release|Any CPU
		{922FC712-DC49-487F-B591-7C5DC35FBE2F}.Ad-Hoc|x64.Build.0 = Release|Any CPU
		{922FC712-DC49-487F-B591-7C5DC35FBE2F}.Ad-Hoc|x64.Deploy.0 = Release|Any CPU
		{922FC712-DC49-487F-B591-7C5DC35FBE2F}.Ad-Hoc|x86.ActiveCfg = Release|Any CPU
		{922FC712-DC49-487F-B591-7C5DC35FBE2F}.Ad-Hoc|x86.Build.0 = Release|Any CPU
		{922FC712-DC49-487F-B591-7C5DC35FBE2F}.Ad-Hoc|x86.Deploy.0 = Release|Any CPU
		{922FC712-DC49-487F-B591-7C5DC35FBE2F}.AppStore|Any CPU.ActiveCfg = Release|Any CPU
		{922FC712-DC49-487F-B591-7C5DC35FBE2F}.AppStore|Any CPU.Build.0 = Release|Any CPU
		{922FC712-DC49-487F-B591-7C5DC35FBE2F}.AppStore|Any CPU.Deploy.0 = Release|Any CPU
		{922FC712-DC49-487F-B591-7C5DC35FBE2F}.AppStore|ARM.ActiveCfg = Release|Any CPU
		{922FC712-DC49-487F-B591-7C5DC35FBE2F}.AppStore|ARM.Build.0 = Release|Any CPU
		{922FC712-DC49-487F-B591-7C5DC35FBE2F}.AppStore|ARM.Deploy.0 = Release|Any CPU
		{922FC712-DC49-487F-B591-7C5DC35FBE2F}.AppStore|iPhone.ActiveCfg = Release|Any CPU
		{922FC712-DC49-487F-B591-7C5DC35FBE2F}.AppStore|iPhone.Build.0 = Release|Any CPU
		{922FC712-DC49-487F-B591-7C5DC35FBE2F}.AppStore|iPhone.Deploy.0 = Release|Any CPU
		{922FC712-DC49-487F-B591-7C5DC35FBE2F}.AppStore|iPhoneSimulator.ActiveCfg = Release|Any CPU
		{922FC712-DC49-487F-B591-7C5DC35FBE2F}.AppStore|iPhoneSimulator.Build.0 = Release|Any CPU
		{922FC712-DC49-487F-B591-7C5DC35FBE2F}.AppStore|iPhoneSimulator.Deploy.0 = Release|Any CPU
		{922FC712-DC49-487F-B591-7C5DC35FBE2F}.AppStore|x64.ActiveCfg = Release|Any CPU
		{922FC712-DC49-487F-B591-7C5DC35FBE2F}.AppStore|x64.Build.0 = Release|Any CPU
		{922FC712-DC49-487F-B591-7C5DC35FBE2F}.AppStore|x64.Deploy.0 = Release|Any CPU
		{922FC712-DC49-487F-B591-7C5DC35FBE2F}.AppStore|x86.ActiveCfg = Release|Any CPU
		{922FC712-DC49-487F-B591-7C5DC35FBE2F}.AppStore|x86.Build.0 = Release|Any CPU
		{922FC712-DC49-487F-B591-7C5DC35FBE2F}.AppStore|x86.Deploy.0 = Release|Any CPU
		{922FC712-DC49-487F-B591-7C5DC35FBE2F}.Debug|Any CPU.ActiveCfg = Debug|Any CPU
		{922FC712-DC49-487F-B591-7C5DC35FBE2F}.Debug|Any CPU.Build.0 = Debug|Any CPU
		{922FC712-DC49-487F-B591-7C5DC35FBE2F}.Debug|Any CPU.Deploy.0 = Debug|Any CPU
		{922FC712-DC49-487F-B591-7C5DC35FBE2F}.Debug|ARM.ActiveCfg = Debug|Any CPU
		{922FC712-DC49-487F-B591-7C5DC35FBE2F}.Debug|ARM.Build.0 = Debug|Any CPU
		{922FC712-DC49-487F-B591-7C5DC35FBE2F}.Debug|ARM.Deploy.0 = Debug|Any CPU
		{922FC712-DC49-487F-B591-7C5DC35FBE2F}.Debug|iPhone.ActiveCfg = Debug|Any CPU
		{922FC712-DC49-487F-B591-7C5DC35FBE2F}.Debug|iPhone.Build.0 = Debug|Any CPU
		{922FC712-DC49-487F-B591-7C5DC35FBE2F}.Debug|iPhone.Deploy.0 = Debug|Any CPU
		{922FC712-DC49-487F-B591-7C5DC35FBE2F}.Debug|iPhoneSimulator.ActiveCfg = Debug|Any CPU
		{922FC712-DC49-487F-B591-7C5DC35FBE2F}.Debug|iPhoneSimulator.Build.0 = Debug|Any CPU
		{922FC712-DC49-487F-B591-7C5DC35FBE2F}.Debug|iPhoneSimulator.Deploy.0 = Debug|Any CPU
		{922FC712-DC49-487F-B591-7C5DC35FBE2F}.Debug|x64.ActiveCfg = Debug|Any CPU
		{922FC712-DC49-487F-B591-7C5DC35FBE2F}.Debug|x64.Build.0 = Debug|Any CPU
		{922FC712-DC49-487F-B591-7C5DC35FBE2F}.Debug|x64.Deploy.0 = Debug|Any CPU
		{922FC712-DC49-487F-B591-7C5DC35FBE2F}.Debug|x86.ActiveCfg = Debug|Any CPU
		{922FC712-DC49-487F-B591-7C5DC35FBE2F}.Debug|x86.Build.0 = Debug|Any CPU
		{922FC712-DC49-487F-B591-7C5DC35FBE2F}.Debug|x86.Deploy.0 = Debug|Any CPU
		{922FC712-DC49-487F-B591-7C5DC35FBE2F}.Release|Any CPU.ActiveCfg = Release|Any CPU
		{922FC712-DC49-487F-B591-7C5DC35FBE2F}.Release|Any CPU.Build.0 = Release|Any CPU
		{922FC712-DC49-487F-B591-7C5DC35FBE2F}.Release|Any CPU.Deploy.0 = Release|Any CPU
		{922FC712-DC49-487F-B591-7C5DC35FBE2F}.Release|ARM.ActiveCfg = Release|Any CPU
		{922FC712-DC49-487F-B591-7C5DC35FBE2F}.Release|ARM.Build.0 = Release|Any CPU
		{922FC712-DC49-487F-B591-7C5DC35FBE2F}.Release|ARM.Deploy.0 = Release|Any CPU
		{922FC712-DC49-487F-B591-7C5DC35FBE2F}.Release|iPhone.ActiveCfg = Release|Any CPU
		{922FC712-DC49-487F-B591-7C5DC35FBE2F}.Release|iPhone.Build.0 = Release|Any CPU
		{922FC712-DC49-487F-B591-7C5DC35FBE2F}.Release|iPhone.Deploy.0 = Release|Any CPU
		{922FC712-DC49-487F-B591-7C5DC35FBE2F}.Release|iPhoneSimulator.ActiveCfg = Release|Any CPU
		{922FC712-DC49-487F-B591-7C5DC35FBE2F}.Release|iPhoneSimulator.Build.0 = Release|Any CPU
		{922FC712-DC49-487F-B591-7C5DC35FBE2F}.Release|iPhoneSimulator.Deploy.0 = Release|Any CPU
		{922FC712-DC49-487F-B591-7C5DC35FBE2F}.Release|x64.ActiveCfg = Release|Any CPU
		{922FC712-DC49-487F-B591-7C5DC35FBE2F}.Release|x64.Build.0 = Release|Any CPU
		{922FC712-DC49-487F-B591-7C5DC35FBE2F}.Release|x64.Deploy.0 = Release|Any CPU
		{922FC712-DC49-487F-B591-7C5DC35FBE2F}.Release|x86.ActiveCfg = Release|Any CPU
		{922FC712-DC49-487F-B591-7C5DC35FBE2F}.Release|x86.Build.0 = Release|Any CPU
		{922FC712-DC49-487F-B591-7C5DC35FBE2F}.Release|x86.Deploy.0 = Release|Any CPU
		{6EDE91E4-D56B-428D-89EB-31ECD5E068D3}.Ad-Hoc|Any CPU.ActiveCfg = Ad-Hoc|iPhone
		{6EDE91E4-D56B-428D-89EB-31ECD5E068D3}.Ad-Hoc|ARM.ActiveCfg = Ad-Hoc|iPhone
		{6EDE91E4-D56B-428D-89EB-31ECD5E068D3}.Ad-Hoc|iPhone.ActiveCfg = Ad-Hoc|iPhone
		{6EDE91E4-D56B-428D-89EB-31ECD5E068D3}.Ad-Hoc|iPhone.Build.0 = Ad-Hoc|iPhone
		{6EDE91E4-D56B-428D-89EB-31ECD5E068D3}.Ad-Hoc|iPhoneSimulator.ActiveCfg = Ad-Hoc|iPhoneSimulator
		{6EDE91E4-D56B-428D-89EB-31ECD5E068D3}.Ad-Hoc|iPhoneSimulator.Build.0 = Ad-Hoc|iPhoneSimulator
		{6EDE91E4-D56B-428D-89EB-31ECD5E068D3}.Ad-Hoc|x64.ActiveCfg = Ad-Hoc|iPhone
		{6EDE91E4-D56B-428D-89EB-31ECD5E068D3}.Ad-Hoc|x86.ActiveCfg = Ad-Hoc|iPhone
		{6EDE91E4-D56B-428D-89EB-31ECD5E068D3}.AppStore|Any CPU.ActiveCfg = AppStore|iPhone
		{6EDE91E4-D56B-428D-89EB-31ECD5E068D3}.AppStore|ARM.ActiveCfg = AppStore|iPhone
		{6EDE91E4-D56B-428D-89EB-31ECD5E068D3}.AppStore|iPhone.ActiveCfg = AppStore|iPhone
		{6EDE91E4-D56B-428D-89EB-31ECD5E068D3}.AppStore|iPhone.Build.0 = AppStore|iPhone
		{6EDE91E4-D56B-428D-89EB-31ECD5E068D3}.AppStore|iPhoneSimulator.ActiveCfg = AppStore|iPhoneSimulator
		{6EDE91E4-D56B-428D-89EB-31ECD5E068D3}.AppStore|iPhoneSimulator.Build.0 = AppStore|iPhoneSimulator
		{6EDE91E4-D56B-428D-89EB-31ECD5E068D3}.AppStore|x64.ActiveCfg = AppStore|iPhone
		{6EDE91E4-D56B-428D-89EB-31ECD5E068D3}.AppStore|x86.ActiveCfg = AppStore|iPhone
		{6EDE91E4-D56B-428D-89EB-31ECD5E068D3}.Debug|Any CPU.ActiveCfg = Debug|iPhone
		{6EDE91E4-D56B-428D-89EB-31ECD5E068D3}.Debug|ARM.ActiveCfg = Debug|iPhone
		{6EDE91E4-D56B-428D-89EB-31ECD5E068D3}.Debug|iPhone.ActiveCfg = Debug|iPhone
		{6EDE91E4-D56B-428D-89EB-31ECD5E068D3}.Debug|iPhone.Build.0 = Debug|iPhone
		{6EDE91E4-D56B-428D-89EB-31ECD5E068D3}.Debug|iPhoneSimulator.ActiveCfg = Debug|iPhoneSimulator
		{6EDE91E4-D56B-428D-89EB-31ECD5E068D3}.Debug|iPhoneSimulator.Build.0 = Debug|iPhoneSimulator
		{6EDE91E4-D56B-428D-89EB-31ECD5E068D3}.Debug|x64.ActiveCfg = Debug|iPhone
		{6EDE91E4-D56B-428D-89EB-31ECD5E068D3}.Debug|x86.ActiveCfg = Debug|iPhone
		{6EDE91E4-D56B-428D-89EB-31ECD5E068D3}.Release|Any CPU.ActiveCfg = Release|iPhone
		{6EDE91E4-D56B-428D-89EB-31ECD5E068D3}.Release|ARM.ActiveCfg = Release|iPhone
		{6EDE91E4-D56B-428D-89EB-31ECD5E068D3}.Release|iPhone.ActiveCfg = Release|iPhone
		{6EDE91E4-D56B-428D-89EB-31ECD5E068D3}.Release|iPhone.Build.0 = Release|iPhone
		{6EDE91E4-D56B-428D-89EB-31ECD5E068D3}.Release|iPhoneSimulator.ActiveCfg = Release|iPhoneSimulator
		{6EDE91E4-D56B-428D-89EB-31ECD5E068D3}.Release|iPhoneSimulator.Build.0 = Release|iPhoneSimulator
		{6EDE91E4-D56B-428D-89EB-31ECD5E068D3}.Release|x64.ActiveCfg = Release|iPhone
		{6EDE91E4-D56B-428D-89EB-31ECD5E068D3}.Release|x86.ActiveCfg = Release|iPhone
		{4746A889-1E75-4839-A0D5-B3CC8EBBFB31}.Ad-Hoc|Any CPU.ActiveCfg = Release|x86
		{4746A889-1E75-4839-A0D5-B3CC8EBBFB31}.Ad-Hoc|Any CPU.Build.0 = Release|x86
		{4746A889-1E75-4839-A0D5-B3CC8EBBFB31}.Ad-Hoc|Any CPU.Deploy.0 = Release|x86
		{4746A889-1E75-4839-A0D5-B3CC8EBBFB31}.Ad-Hoc|ARM.ActiveCfg = Release|ARM
		{4746A889-1E75-4839-A0D5-B3CC8EBBFB31}.Ad-Hoc|ARM.Build.0 = Release|ARM
		{4746A889-1E75-4839-A0D5-B3CC8EBBFB31}.Ad-Hoc|ARM.Deploy.0 = Release|ARM
		{4746A889-1E75-4839-A0D5-B3CC8EBBFB31}.Ad-Hoc|iPhone.ActiveCfg = Release|x86
		{4746A889-1E75-4839-A0D5-B3CC8EBBFB31}.Ad-Hoc|iPhone.Build.0 = Release|x86
		{4746A889-1E75-4839-A0D5-B3CC8EBBFB31}.Ad-Hoc|iPhone.Deploy.0 = Release|x86
		{4746A889-1E75-4839-A0D5-B3CC8EBBFB31}.Ad-Hoc|iPhoneSimulator.ActiveCfg = Release|x86
		{4746A889-1E75-4839-A0D5-B3CC8EBBFB31}.Ad-Hoc|iPhoneSimulator.Build.0 = Release|x86
		{4746A889-1E75-4839-A0D5-B3CC8EBBFB31}.Ad-Hoc|iPhoneSimulator.Deploy.0 = Release|x86
		{4746A889-1E75-4839-A0D5-B3CC8EBBFB31}.Ad-Hoc|x64.ActiveCfg = Release|x64
		{4746A889-1E75-4839-A0D5-B3CC8EBBFB31}.Ad-Hoc|x64.Build.0 = Release|x64
		{4746A889-1E75-4839-A0D5-B3CC8EBBFB31}.Ad-Hoc|x64.Deploy.0 = Release|x64
		{4746A889-1E75-4839-A0D5-B3CC8EBBFB31}.Ad-Hoc|x86.ActiveCfg = Release|x86
		{4746A889-1E75-4839-A0D5-B3CC8EBBFB31}.Ad-Hoc|x86.Build.0 = Release|x86
		{4746A889-1E75-4839-A0D5-B3CC8EBBFB31}.Ad-Hoc|x86.Deploy.0 = Release|x86
		{4746A889-1E75-4839-A0D5-B3CC8EBBFB31}.AppStore|Any CPU.ActiveCfg = Release|x86
		{4746A889-1E75-4839-A0D5-B3CC8EBBFB31}.AppStore|Any CPU.Build.0 = Release|x86
		{4746A889-1E75-4839-A0D5-B3CC8EBBFB31}.AppStore|Any CPU.Deploy.0 = Release|x86
		{4746A889-1E75-4839-A0D5-B3CC8EBBFB31}.AppStore|ARM.ActiveCfg = Release|ARM
		{4746A889-1E75-4839-A0D5-B3CC8EBBFB31}.AppStore|ARM.Build.0 = Release|ARM
		{4746A889-1E75-4839-A0D5-B3CC8EBBFB31}.AppStore|ARM.Deploy.0 = Release|ARM
		{4746A889-1E75-4839-A0D5-B3CC8EBBFB31}.AppStore|iPhone.ActiveCfg = Release|x86
		{4746A889-1E75-4839-A0D5-B3CC8EBBFB31}.AppStore|iPhone.Build.0 = Release|x86
		{4746A889-1E75-4839-A0D5-B3CC8EBBFB31}.AppStore|iPhone.Deploy.0 = Release|x86
		{4746A889-1E75-4839-A0D5-B3CC8EBBFB31}.AppStore|iPhoneSimulator.ActiveCfg = Release|x86
		{4746A889-1E75-4839-A0D5-B3CC8EBBFB31}.AppStore|iPhoneSimulator.Build.0 = Release|x86
		{4746A889-1E75-4839-A0D5-B3CC8EBBFB31}.AppStore|iPhoneSimulator.Deploy.0 = Release|x86
		{4746A889-1E75-4839-A0D5-B3CC8EBBFB31}.AppStore|x64.ActiveCfg = Release|x64
		{4746A889-1E75-4839-A0D5-B3CC8EBBFB31}.AppStore|x64.Build.0 = Release|x64
		{4746A889-1E75-4839-A0D5-B3CC8EBBFB31}.AppStore|x64.Deploy.0 = Release|x64
		{4746A889-1E75-4839-A0D5-B3CC8EBBFB31}.AppStore|x86.ActiveCfg = Release|x86
		{4746A889-1E75-4839-A0D5-B3CC8EBBFB31}.AppStore|x86.Build.0 = Release|x86
		{4746A889-1E75-4839-A0D5-B3CC8EBBFB31}.AppStore|x86.Deploy.0 = Release|x86
		{4746A889-1E75-4839-A0D5-B3CC8EBBFB31}.Debug|Any CPU.ActiveCfg = Debug|x86
		{4746A889-1E75-4839-A0D5-B3CC8EBBFB31}.Debug|ARM.ActiveCfg = Debug|ARM
		{4746A889-1E75-4839-A0D5-B3CC8EBBFB31}.Debug|ARM.Build.0 = Debug|ARM
		{4746A889-1E75-4839-A0D5-B3CC8EBBFB31}.Debug|ARM.Deploy.0 = Debug|ARM
		{4746A889-1E75-4839-A0D5-B3CC8EBBFB31}.Debug|iPhone.ActiveCfg = Debug|x86
		{4746A889-1E75-4839-A0D5-B3CC8EBBFB31}.Debug|iPhoneSimulator.ActiveCfg = Debug|x86
		{4746A889-1E75-4839-A0D5-B3CC8EBBFB31}.Debug|x64.ActiveCfg = Debug|x64
		{4746A889-1E75-4839-A0D5-B3CC8EBBFB31}.Debug|x64.Build.0 = Debug|x64
		{4746A889-1E75-4839-A0D5-B3CC8EBBFB31}.Debug|x64.Deploy.0 = Debug|x64
		{4746A889-1E75-4839-A0D5-B3CC8EBBFB31}.Debug|x86.ActiveCfg = Debug|x86
		{4746A889-1E75-4839-A0D5-B3CC8EBBFB31}.Debug|x86.Build.0 = Debug|x86
		{4746A889-1E75-4839-A0D5-B3CC8EBBFB31}.Debug|x86.Deploy.0 = Debug|x86
		{4746A889-1E75-4839-A0D5-B3CC8EBBFB31}.Release|Any CPU.ActiveCfg = Release|x86
		{4746A889-1E75-4839-A0D5-B3CC8EBBFB31}.Release|ARM.ActiveCfg = Release|ARM
		{4746A889-1E75-4839-A0D5-B3CC8EBBFB31}.Release|ARM.Build.0 = Release|ARM
		{4746A889-1E75-4839-A0D5-B3CC8EBBFB31}.Release|ARM.Deploy.0 = Release|ARM
		{4746A889-1E75-4839-A0D5-B3CC8EBBFB31}.Release|iPhone.ActiveCfg = Release|x86
		{4746A889-1E75-4839-A0D5-B3CC8EBBFB31}.Release|iPhoneSimulator.ActiveCfg = Release|x86
		{4746A889-1E75-4839-A0D5-B3CC8EBBFB31}.Release|x64.ActiveCfg = Release|x64
		{4746A889-1E75-4839-A0D5-B3CC8EBBFB31}.Release|x64.Build.0 = Release|x64
		{4746A889-1E75-4839-A0D5-B3CC8EBBFB31}.Release|x64.Deploy.0 = Release|x64
		{4746A889-1E75-4839-A0D5-B3CC8EBBFB31}.Release|x86.ActiveCfg = Release|x86
		{4746A889-1E75-4839-A0D5-B3CC8EBBFB31}.Release|x86.Build.0 = Release|x86
		{4746A889-1E75-4839-A0D5-B3CC8EBBFB31}.Release|x86.Deploy.0 = Release|x86
	EndGlobalSection
	GlobalSection(SolutionProperties) = preSolution
		HideSolutionNode = FALSE
	EndGlobalSection
	GlobalSection(ExtensibilityGlobals) = postSolution
		SolutionGuid = {0787B5BF-CD2A-4AA3-B107-F6DED51B5207}
	EndGlobalSection
EndGlobal
